{
  "version": 4,
  "terraform_version": "1.10.2",
  "serial": 151,
  "lineage": "090e9854-a274-42ca-3662-15b400090ec9",
  "outputs": {},
  "resources": [
    {
      "mode": "managed",
      "type": "aws_eip",
      "name": "nat_eip",
      "provider": "provider[\"registry.terraform.io/hashicorp/aws\"]",
      "instances": [
        {
          "schema_version": 0,
          "attributes": {
            "address": null,
            "allocation_id": "eipalloc-0e5de65118b2f1b94",
            "arn": "arn:aws:ec2:eu-west-3:392002456877:elastic-ip/eipalloc-0e5de65118b2f1b94",
            "associate_with_private_ip": null,
            "association_id": "",
            "carrier_ip": "",
            "customer_owned_ip": "",
            "customer_owned_ipv4_pool": "",
            "domain": "vpc",
            "id": "eipalloc-0e5de65118b2f1b94",
            "instance": "",
            "ipam_pool_id": null,
            "network_border_group": "eu-west-3",
            "network_interface": "",
            "private_dns": "ip-172-31-2-149.eu-west-3.compute.internal",
            "private_ip": "",
            "ptr_record": "",
            "public_dns": "ec2-52-47-41-188.eu-west-3.compute.amazonaws.com",
            "public_ip": "52.47.41.188",
            "public_ipv4_pool": "amazon",
            "tags": {
              "Name": "nat-eip",
              "Terraform": "Yes"
            },
            "tags_all": {
              "Name": "nat-eip",
              "Terraform": "Yes"
            },
            "timeouts": null,
            "vpc": true
          },
          "sensitive_attributes": [],
          "private": "eyJlMmJmYjczMC1lY2FhLTExZTYtOGY4OC0zNDM2M2JjN2M0YzAiOnsiZGVsZXRlIjoxODAwMDAwMDAwMDAsInJlYWQiOjkwMDAwMDAwMDAwMCwidXBkYXRlIjozMDAwMDAwMDAwMDB9fQ=="
        }
      ]
    },
    {
      "mode": "managed",
      "type": "aws_internet_gateway",
      "name": "igw_floiint",
      "provider": "provider[\"registry.terraform.io/hashicorp/aws\"]",
      "instances": [
        {
          "schema_version": 0,
          "attributes": {
            "arn": "arn:aws:ec2:eu-west-3:392002456877:internet-gateway/igw-06eadb753dac33f34",
            "id": "igw-06eadb753dac33f34",
            "owner_id": "392002456877",
            "tags": {
              "Name": "igw-floiint-t",
              "Terraform": "Yes"
            },
            "tags_all": {
              "Name": "igw-floiint-t",
              "Terraform": "Yes"
            },
            "timeouts": null,
            "vpc_id": "vpc-0185e57724925b432"
          },
          "sensitive_attributes": [],
          "private": "eyJlMmJmYjczMC1lY2FhLTExZTYtOGY4OC0zNDM2M2JjN2M0YzAiOnsiY3JlYXRlIjoxMjAwMDAwMDAwMDAwLCJkZWxldGUiOjEyMDAwMDAwMDAwMDAsInVwZGF0ZSI6MTIwMDAwMDAwMDAwMH19",
          "dependencies": [
            "aws_vpc.vpc_floiint_t"
          ]
        }
      ]
    },
    {
      "mode": "managed",
      "type": "aws_vpc",
      "name": "vpc_floiint_t",
      "provider": "provider[\"registry.terraform.io/hashicorp/aws\"]",
      "instances": [
        {
          "schema_version": 1,
          "attributes": {
            "arn": "arn:aws:ec2:eu-west-3:392002456877:vpc/vpc-0185e57724925b432",
            "assign_generated_ipv6_cidr_block": false,
            "cidr_block": "172.31.0.0/16",
            "default_network_acl_id": "acl-0615ebc667fd26663",
            "default_route_table_id": "rtb-0ff7387505239905c",
            "default_security_group_id": "sg-02561663d06c21282",
            "dhcp_options_id": "dopt-c88255a0",
            "enable_dns_hostnames": true,
            "enable_dns_support": true,
            "enable_network_address_usage_metrics": false,
            "id": "vpc-0185e57724925b432",
            "instance_tenancy": "default",
            "ipv4_ipam_pool_id": null,
            "ipv4_netmask_length": null,
            "ipv6_association_id": "",
            "ipv6_cidr_block": "",
            "ipv6_cidr_block_network_border_group": "",
            "ipv6_ipam_pool_id": "",
            "ipv6_netmask_length": 0,
            "main_route_table_id": "rtb-0ff7387505239905c",
            "owner_id": "392002456877",
            "tags": {
              "Name": "vpc-floiint-t",
              "Terraform": "Yes"
            },
            "tags_all": {
              "Name": "vpc-floiint-t",
              "Terraform": "Yes"
            }
          },
          "sensitive_attributes": [],
          "private": "eyJzY2hlbWFfdmVyc2lvbiI6IjEifQ=="
        }
      ]
    }
  ],
  "check_results": null
}
